
Microsoft Visual Studio Solution File, Format Version 12.00
# Visual Studio Version 17
VisualStudioVersion = 17.11.35222.181
MinimumVisualStudioVersion = 10.0.40219.1
Project("{FAE04EC0-301F-11D3-BF4B-00C04F79EFBC}") = "rock_paper_scissors", "rock_paper_scissors\rock_paper_scissors.csproj", "{0E2EBF35-A7E7-44B4-A944-594F2FEB72FB}"
EndProject
Global
	GlobalSection(SolutionConfigurationPlatforms) = preSolution
		Debug|Any CPU = Debug|Any CPU
		Release|Any CPU = Release|Any CPU
	EndGlobalSection
	GlobalSection(ProjectConfigurationPlatforms) = postSolution
		{0E2EBF35-A7E7-44B4-A944-594F2FEB72FB}.Debug|Any CPU.ActiveCfg = Debug|Any CPU
		{0E2EBF35-A7E7-44B4-A944-594F2FEB72FB}.Debug|Any CPU.Build.0 = Debug|Any CPU
		{0E2EBF35-A7E7-44B4-A944-594F2FEB72FB}.Release|Any CPU.ActiveCfg = Release|Any CPU
		{0E2EBF35-A7E7-44B4-A944-594F2FEB72FB}.Release|Any CPU.Build.0 = Release|Any CPU
	EndGlobalSection
	GlobalSection(SolutionProperties) = preSolution
		HideSolutionNode = FALSE
	EndGlobalSection
	GlobalSection(ExtensibilityGlobals) = postSolution
		SolutionGuid = {61444567-B2EE-4D11-8E56-42369070551A}
	EndGlobalSection
EndGlobal
